
Microsoft Visual Studio Solution File, Format Version 12.00
# Visual Studio Version 17
VisualStudioVersion = 17.4.33122.133
MinimumVisualStudioVersion = 10.0.40219.1
Project("{FAE04EC0-301F-11D3-BF4B-00C04F79EFBC}") = "NurBNB.Usuario.Domain", "NurBNB.Usuario\NurBNB.Usuario.Domain.csproj", "{1CDACB85-2FA8-4ECD-A795-AAD00FB330BA}"
	ProjectSection(ProjectDependencies) = postProject
		{BFD258BE-C54C-470A-9BAF-3509F6E1435C} = {BFD258BE-C54C-470A-9BAF-3509F6E1435C}
	EndProjectSection
EndProject
Project("{9A19103F-16F7-4668-BE54-9A1E7A4F7556}") = "Restaurant.SharedKernel", "..\..\..\Documents\Postgrado\microservicios\mod 2\ms2023-restaurant-sharedkernel-main\Restaurant.SharedKernel\Restaurant.SharedKernel.csproj", "{BFD258BE-C54C-470A-9BAF-3509F6E1435C}"
EndProject
Global
	GlobalSection(SolutionConfigurationPlatforms) = preSolution
		Debug|Any CPU = Debug|Any CPU
		Release|Any CPU = Release|Any CPU
	EndGlobalSection
	GlobalSection(ProjectConfigurationPlatforms) = postSolution
		{1CDACB85-2FA8-4ECD-A795-AAD00FB330BA}.Debug|Any CPU.ActiveCfg = Debug|Any CPU
		{1CDACB85-2FA8-4ECD-A795-AAD00FB330BA}.Debug|Any CPU.Build.0 = Debug|Any CPU
		{1CDACB85-2FA8-4ECD-A795-AAD00FB330BA}.Release|Any CPU.ActiveCfg = Release|Any CPU
		{1CDACB85-2FA8-4ECD-A795-AAD00FB330BA}.Release|Any CPU.Build.0 = Release|Any CPU
		{BFD258BE-C54C-470A-9BAF-3509F6E1435C}.Debug|Any CPU.ActiveCfg = Debug|Any CPU
		{BFD258BE-C54C-470A-9BAF-3509F6E1435C}.Debug|Any CPU.Build.0 = Debug|Any CPU
		{BFD258BE-C54C-470A-9BAF-3509F6E1435C}.Release|Any CPU.ActiveCfg = Release|Any CPU
		{BFD258BE-C54C-470A-9BAF-3509F6E1435C}.Release|Any CPU.Build.0 = Release|Any CPU
	EndGlobalSection
	GlobalSection(SolutionProperties) = preSolution
		HideSolutionNode = FALSE
	EndGlobalSection
	GlobalSection(ExtensibilityGlobals) = postSolution
		SolutionGuid = {B98DA9ED-3708-412F-83F0-12C55F5303EA}
	EndGlobalSection
EndGlobal
